
Microsoft Visual Studio Solution File, Format Version 12.00
# Visual Studio Version 16
VisualStudioVersion = 16.0.30804.86
MinimumVisualStudioVersion = 10.0.40219.1
Project("{FAE04EC0-301F-11D3-BF4B-00C04F79EFBC}") = "HitmanExtractor", "Src\HitmanExtractor\HitmanExtractor.csproj", "{BD88A8F0-6072-4719-ABE9-B83923A1262B}"
EndProject
Project("{2150E333-8FDC-42A3-9474-1A3956D46DE8}") = "Solution Items", "Solution Items", "{DA31410B-616C-4E31-B77C-108B06FDC539}"
	ProjectSection(SolutionItems) = preProject
		README.md = README.md
	EndProjectSection
EndProject
Global
	GlobalSection(SolutionConfigurationPlatforms) = preSolution
		Debug|Any CPU = Debug|Any CPU
		Release|Any CPU = Release|Any CPU
	EndGlobalSection
	GlobalSection(ProjectConfigurationPlatforms) = postSolution
		{BD88A8F0-6072-4719-ABE9-B83923A1262B}.Debug|Any CPU.ActiveCfg = Debug|Any CPU
		{BD88A8F0-6072-4719-ABE9-B83923A1262B}.Debug|Any CPU.Build.0 = Debug|Any CPU
		{BD88A8F0-6072-4719-ABE9-B83923A1262B}.Release|Any CPU.ActiveCfg = Release|Any CPU
		{BD88A8F0-6072-4719-ABE9-B83923A1262B}.Release|Any CPU.Build.0 = Release|Any CPU
	EndGlobalSection
	GlobalSection(SolutionProperties) = preSolution
		HideSolutionNode = FALSE
	EndGlobalSection
	GlobalSection(ExtensibilityGlobals) = postSolution
		SolutionGuid = {12418282-E4AE-4B15-8C48-16EE344F11AA}
	EndGlobalSection
EndGlobal
